
Microsoft Visual Studio Solution File, Format Version 12.00
# Visual Studio 14
VisualStudioVersion = 14.0.25420.1
MinimumVisualStudioVersion = 10.0.40219.1
Project("{FAE04EC0-301F-11D3-BF4B-00C04F79EFBC}") = "SalesManagementProject", "SalesManagementProject\SalesManagementProject.csproj", "{9306CB85-17A4-485C-A8FA-E27FB75F9455}"
EndProject
Project("{FAE04EC0-301F-11D3-BF4B-00C04F79EFBC}") = "SalesEntityLayer", "SalesEntityLayer\SalesEntityLayer.csproj", "{A2F585ED-A2B7-4D5B-B6F3-A3B40F5B51BA}"
EndProject
Project("{FAE04EC0-301F-11D3-BF4B-00C04F79EFBC}") = "SalesAccessLayer", "SalesAccessLayer\SalesAccessLayer.csproj", "{D17E5EF2-360B-41A0-8471-B3BF878AE510}"
EndProject
Project("{FAE04EC0-301F-11D3-BF4B-00C04F79EFBC}") = "SalesDataLayer", "SalesDataLayer\SalesDataLayer.csproj", "{DEDD19C2-D5A1-40EB-8B33-0B598DC42A0D}"
EndProject
Global
	GlobalSection(SolutionConfigurationPlatforms) = preSolution
		Debug|Any CPU = Debug|Any CPU
		Release|Any CPU = Release|Any CPU
	EndGlobalSection
	GlobalSection(ProjectConfigurationPlatforms) = postSolution
		{9306CB85-17A4-485C-A8FA-E27FB75F9455}.Debug|Any CPU.ActiveCfg = Debug|Any CPU
		{9306CB85-17A4-485C-A8FA-E27FB75F9455}.Debug|Any CPU.Build.0 = Debug|Any CPU
		{9306CB85-17A4-485C-A8FA-E27FB75F9455}.Release|Any CPU.ActiveCfg = Release|Any CPU
		{9306CB85-17A4-485C-A8FA-E27FB75F9455}.Release|Any CPU.Build.0 = Release|Any CPU
		{A2F585ED-A2B7-4D5B-B6F3-A3B40F5B51BA}.Debug|Any CPU.ActiveCfg = Debug|Any CPU
		{A2F585ED-A2B7-4D5B-B6F3-A3B40F5B51BA}.Debug|Any CPU.Build.0 = Debug|Any CPU
		{A2F585ED-A2B7-4D5B-B6F3-A3B40F5B51BA}.Release|Any CPU.ActiveCfg = Release|Any CPU
		{A2F585ED-A2B7-4D5B-B6F3-A3B40F5B51BA}.Release|Any CPU.Build.0 = Release|Any CPU
		{D17E5EF2-360B-41A0-8471-B3BF878AE510}.Debug|Any CPU.ActiveCfg = Debug|Any CPU
		{D17E5EF2-360B-41A0-8471-B3BF878AE510}.Debug|Any CPU.Build.0 = Debug|Any CPU
		{D17E5EF2-360B-41A0-8471-B3BF878AE510}.Release|Any CPU.ActiveCfg = Release|Any CPU
		{D17E5EF2-360B-41A0-8471-B3BF878AE510}.Release|Any CPU.Build.0 = Release|Any CPU
		{DEDD19C2-D5A1-40EB-8B33-0B598DC42A0D}.Debug|Any CPU.ActiveCfg = Debug|Any CPU
		{DEDD19C2-D5A1-40EB-8B33-0B598DC42A0D}.Debug|Any CPU.Build.0 = Debug|Any CPU
		{DEDD19C2-D5A1-40EB-8B33-0B598DC42A0D}.Release|Any CPU.ActiveCfg = Release|Any CPU
		{DEDD19C2-D5A1-40EB-8B33-0B598DC42A0D}.Release|Any CPU.Build.0 = Release|Any CPU
	EndGlobalSection
	GlobalSection(SolutionProperties) = preSolution
		HideSolutionNode = FALSE
	EndGlobalSection
EndGlobal
